
Microsoft Visual Studio Solution File, Format Version 12.00
# Visual Studio Version 16
VisualStudioVersion = 16.0.29418.71
MinimumVisualStudioVersion = 10.0.40219.1
Project("{9A19103F-16F7-4668-BE54-9A1E7A4F7556}") = "TextAnalyzer", "TextAnalyzer\TextAnalyzer.csproj", "{6AD0CACC-EF8D-4A07-8930-1DF2FCBDDC7A}"
EndProject
Project("{9A19103F-16F7-4668-BE54-9A1E7A4F7556}") = "TextAnalyzerApp", "TextAnalyzerApp\TextAnalyzerApp.csproj", "{56451517-BCE9-4536-A8EB-E64539A14071}"
EndProject
Project("{FAE04EC0-301F-11D3-BF4B-00C04F79EFBC}") = "TextAnalyzerTest", "TextAnalyzerTest\TextAnalyzerTest.csproj", "{76A803E9-42A2-4FC9-A9A5-4DD2C37778FC}"
EndProject
Global
	GlobalSection(SolutionConfigurationPlatforms) = preSolution
		Debug|Any CPU = Debug|Any CPU
		Release|Any CPU = Release|Any CPU
	EndGlobalSection
	GlobalSection(ProjectConfigurationPlatforms) = postSolution
		{6AD0CACC-EF8D-4A07-8930-1DF2FCBDDC7A}.Debug|Any CPU.ActiveCfg = Debug|Any CPU
		{6AD0CACC-EF8D-4A07-8930-1DF2FCBDDC7A}.Debug|Any CPU.Build.0 = Debug|Any CPU
		{6AD0CACC-EF8D-4A07-8930-1DF2FCBDDC7A}.Release|Any CPU.ActiveCfg = Release|Any CPU
		{6AD0CACC-EF8D-4A07-8930-1DF2FCBDDC7A}.Release|Any CPU.Build.0 = Release|Any CPU
		{56451517-BCE9-4536-A8EB-E64539A14071}.Debug|Any CPU.ActiveCfg = Debug|Any CPU
		{56451517-BCE9-4536-A8EB-E64539A14071}.Debug|Any CPU.Build.0 = Debug|Any CPU
		{56451517-BCE9-4536-A8EB-E64539A14071}.Release|Any CPU.ActiveCfg = Release|Any CPU
		{56451517-BCE9-4536-A8EB-E64539A14071}.Release|Any CPU.Build.0 = Release|Any CPU
		{76A803E9-42A2-4FC9-A9A5-4DD2C37778FC}.Debug|Any CPU.ActiveCfg = Debug|Any CPU
		{76A803E9-42A2-4FC9-A9A5-4DD2C37778FC}.Debug|Any CPU.Build.0 = Debug|Any CPU
		{76A803E9-42A2-4FC9-A9A5-4DD2C37778FC}.Release|Any CPU.ActiveCfg = Release|Any CPU
		{76A803E9-42A2-4FC9-A9A5-4DD2C37778FC}.Release|Any CPU.Build.0 = Release|Any CPU
	EndGlobalSection
	GlobalSection(SolutionProperties) = preSolution
		HideSolutionNode = FALSE
	EndGlobalSection
	GlobalSection(ExtensibilityGlobals) = postSolution
		SolutionGuid = {E375ABB2-C0FB-4B3A-A3B9-28C50319D322}
	EndGlobalSection
EndGlobal
